
Microsoft Visual Studio Solution File, Format Version 12.00
# Visual Studio Version 17
VisualStudioVersion = 17.5.33627.172
MinimumVisualStudioVersion = 10.0.40219.1
Project("{9A19103F-16F7-4668-BE54-9A1E7A4F7556}") = "ModGenerico", "ModGenerico\ModGenerico.csproj", "{FB327A5D-6E5E-4955-8AA8-7097EAA10BFF}"
EndProject
Project("{9A19103F-16F7-4668-BE54-9A1E7A4F7556}") = "core", "core\core.csproj", "{03E205D5-8E4E-4C98-8E69-52A97B9B6CE2}"
EndProject
Project("{9A19103F-16F7-4668-BE54-9A1E7A4F7556}") = "Data", "Data\Data.csproj", "{EEF89781-C708-4C48-8F62-EAC524BC015E}"
	ProjectSection(ProjectDependencies) = postProject
		{9575E474-4684-4AE3-8BEE-1EE6EB3D8D75} = {9575E474-4684-4AE3-8BEE-1EE6EB3D8D75}
	EndProjectSection
EndProject
Project("{9A19103F-16F7-4668-BE54-9A1E7A4F7556}") = "Domain", "Domain\Domain.csproj", "{9575E474-4684-4AE3-8BEE-1EE6EB3D8D75}"
EndProject
Global
	GlobalSection(SolutionConfigurationPlatforms) = preSolution
		Debug|Any CPU = Debug|Any CPU
		Release|Any CPU = Release|Any CPU
	EndGlobalSection
	GlobalSection(ProjectConfigurationPlatforms) = postSolution
		{FB327A5D-6E5E-4955-8AA8-7097EAA10BFF}.Debug|Any CPU.ActiveCfg = Debug|Any CPU
		{FB327A5D-6E5E-4955-8AA8-7097EAA10BFF}.Debug|Any CPU.Build.0 = Debug|Any CPU
		{FB327A5D-6E5E-4955-8AA8-7097EAA10BFF}.Release|Any CPU.ActiveCfg = Release|Any CPU
		{FB327A5D-6E5E-4955-8AA8-7097EAA10BFF}.Release|Any CPU.Build.0 = Release|Any CPU
		{03E205D5-8E4E-4C98-8E69-52A97B9B6CE2}.Debug|Any CPU.ActiveCfg = Debug|Any CPU
		{03E205D5-8E4E-4C98-8E69-52A97B9B6CE2}.Debug|Any CPU.Build.0 = Debug|Any CPU
		{03E205D5-8E4E-4C98-8E69-52A97B9B6CE2}.Release|Any CPU.ActiveCfg = Release|Any CPU
		{03E205D5-8E4E-4C98-8E69-52A97B9B6CE2}.Release|Any CPU.Build.0 = Release|Any CPU
		{EEF89781-C708-4C48-8F62-EAC524BC015E}.Debug|Any CPU.ActiveCfg = Debug|Any CPU
		{EEF89781-C708-4C48-8F62-EAC524BC015E}.Debug|Any CPU.Build.0 = Debug|Any CPU
		{EEF89781-C708-4C48-8F62-EAC524BC015E}.Release|Any CPU.ActiveCfg = Release|Any CPU
		{EEF89781-C708-4C48-8F62-EAC524BC015E}.Release|Any CPU.Build.0 = Release|Any CPU
		{9575E474-4684-4AE3-8BEE-1EE6EB3D8D75}.Debug|Any CPU.ActiveCfg = Debug|Any CPU
		{9575E474-4684-4AE3-8BEE-1EE6EB3D8D75}.Debug|Any CPU.Build.0 = Debug|Any CPU
		{9575E474-4684-4AE3-8BEE-1EE6EB3D8D75}.Release|Any CPU.ActiveCfg = Release|Any CPU
		{9575E474-4684-4AE3-8BEE-1EE6EB3D8D75}.Release|Any CPU.Build.0 = Release|Any CPU
	EndGlobalSection
	GlobalSection(SolutionProperties) = preSolution
		HideSolutionNode = FALSE
	EndGlobalSection
	GlobalSection(ExtensibilityGlobals) = postSolution
		SolutionGuid = {7F4F95FA-3C0D-4D9E-B4F7-B176C3A45BD7}
	EndGlobalSection
EndGlobal
